{
	"requires": true,
	"lockfileVersion": 1,
	"dependencies": {
		"@types/fs-extra": {
			"version": "9.0.13",
			"resolved": "https://registry.npmjs.org/@types/fs-extra/-/fs-extra-9.0.13.tgz",
			"integrity": "sha512-nEnwB++1u5lVDM2UI4c1+5R+FYaKfaAzS4OococimjVm3nQw3TuzH5UNsocrcTBbhnerblyHj4A49qXbIiZdpA==",
			"requires": {
				"@types/node": "*"
			},
			"dependencies": {
				"@types/node": {
					"version": "20.2.5",
					"resolved": "https://registry.npmjs.org/@types/node/-/node-20.2.5.tgz",
					"integrity": "sha512-JJulVEQXmiY9Px5axXHeYGLSjhkZEnD+MDPDGbCbIAbMslkKwmygtZFy1X6s/075Yo94sf8GuSlFfPzysQrWZQ=="
				}
			}
		},
		"@wayward/goodstream": {
			"version": "0.7.1",
			"resolved": "https://registry.npmjs.org/@wayward/goodstream/-/goodstream-0.7.1.tgz",
			"integrity": "sha512-llCFpV78lTfPsbJmoD4lpIiPnYoT8F+DqvWfO+8Ekk1nqeKLqcmGTmkiIfydK5PrV+DtqBnWnqGp/zSOOceQOg=="
		},
		"@wayward/types": {
			"version": "2.13.2-beta.dev.20230602.1",
			"resolved": "https://registry.npmjs.org/@wayward/types/-/types-2.13.2-beta.dev.20230602.1.tgz",
			"integrity": "sha512-KG2q2syypdCUDrUbNO/1N+q7YZJQpFO5KxI18dER8HqmIYbWhSyyUaAeiv8x5Hq6h4inwlkuGi1OGiobKKA+fA==",
			"requires": {
				"@types/fs-extra": "^9.0.13",
				"@types/node": "^17.0.5",
				"@wayward/goodstream": "0.7.1"
			},
			"dependencies": {
				"@types/node": {
					"version": "17.0.45",
					"resolved": "https://registry.npmjs.org/@types/node/-/node-17.0.45.tgz",
					"integrity": "sha512-w+tIMs3rq2afQdsPJlODhoUEKzFP1ayaoyl1CcnwtIlsVe7K7bA1NGm4s3PraqTLlXnbIN84zuBlxBWo1u9BLw=="
				}
			}
		}
	}
}
